// !$*UTF8*$!
{
	archiveVersion = 1;
	classes = {
	};
	objectVersion = 48;
	objects = {

/* Begin PBXBuildFile section */
		E75EE1CD1FF2619300594A21 /* SVIndefiniteAnimatedView.m in Sources */ = {isa = PBXBuildFile; fileRef = E75EE1C41FF2619200594A21 /* SVIndefiniteAnimatedView.m */; };
		E75EE1CE1FF2619300594A21 /* SVProgressAnimatedView.m in Sources */ = {isa = PBXBuildFile; fileRef = E75EE1C61FF2619200594A21 /* SVProgressAnimatedView.m */; };
		E75EE1CF1FF2619300594A21 /* SVProgressHUD.bundle in Resources */ = {isa = PBXBuildFile; fileRef = E75EE1C81FF2619200594A21 /* SVProgressHUD.bundle */; };
		E75EE1D01FF2619300594A21 /* SVProgressHUD.m in Sources */ = {isa = PBXBuildFile; fileRef = E75EE1CA1FF2619200594A21 /* SVProgressHUD.m */; };
		E75EE1D11FF2619300594A21 /* SVRadialGradientLayer.m in Sources */ = {isa = PBXBuildFile; fileRef = E75EE1CC1FF2619200594A21 /* SVRadialGradientLayer.m */; };
		E75EE1D31FF27A8A00594A21 /* ConnectionCheck.swift in Sources */ = {isa = PBXBuildFile; fileRef = E75EE1D21FF27A8A00594A21 /* ConnectionCheck.swift */; };
		E75EE1D51FF2865700594A21 /* WeatherDetailViewController.swift in Sources */ = {isa = PBXBuildFile; fileRef = E75EE1D41FF2865700594A21 /* WeatherDetailViewController.swift */; };
		E78DF4E21FED13E200F39E22 /* AppDelegate.swift in Sources */ = {isa = PBXBuildFile; fileRef = E78DF4E11FED13E200F39E22 /* AppDelegate.swift */; };
		E78DF4E71FED13E200F39E22 /* Main.storyboard in Resources */ = {isa = PBXBuildFile; fileRef = E78DF4E51FED13E200F39E22 /* Main.storyboard */; };
		E78DF4E91FED13E200F39E22 /* Assets.xcassets in Resources */ = {isa = PBXBuildFile; fileRef = E78DF4E81FED13E200F39E22 /* Assets.xcassets */; };
		E78DF4EC1FED13E200F39E22 /* LaunchScreen.storyboard in Resources */ = {isa = PBXBuildFile; fileRef = E78DF4EA1FED13E200F39E22 /* LaunchScreen.storyboard */; };
		E78DF4F71FED13E200F39E22 /* WeatherTests.swift in Sources */ = {isa = PBXBuildFile; fileRef = E78DF4F61FED13E200F39E22 /* WeatherTests.swift */; };
		E78DF5021FED163600F39E22 /* WeatherTableViewController.swift in Sources */ = {isa = PBXBuildFile; fileRef = E78DF5011FED163600F39E22 /* WeatherTableViewController.swift */; };
		E78DF5051FED1FB000F39E22 /* WeatherTableViewCell.swift in Sources */ = {isa = PBXBuildFile; fileRef = E78DF5041FED1FB000F39E22 /* WeatherTableViewCell.swift */; };
/* End PBXBuildFile section */

/* Begin PBXContainerItemProxy section */
		E78DF4F31FED13E200F39E22 /* PBXContainerItemProxy */ = {
			isa = PBXContainerItemProxy;
			containerPortal = E78DF4D61FED13E200F39E22 /* Project object */;
			proxyType = 1;
			remoteGlobalIDString = E78DF4DD1FED13E200F39E22;
			remoteInfo = Weather;
		};
/* End PBXContainerItemProxy section */

/* Begin PBXFileReference section */
		E75EE1BE1FF247F100594A21 /* Weather-Bridging-Header.h */ = {isa = PBXFileReference; lastKnownFileType = sourcecode.c.h; path = "Weather-Bridging-Header.h"; sourceTree = "<group>"; };
		E75EE1C31FF2619200594A21 /* SVIndefiniteAnimatedView.h */ = {isa = PBXFileReference; fileEncoding = 4; lastKnownFileType = sourcecode.c.h; path = SVIndefiniteAnimatedView.h; sourceTree = "<group>"; };
		E75EE1C41FF2619200594A21 /* SVIndefiniteAnimatedView.m */ = {isa = PBXFileReference; fileEncoding = 4; lastKnownFileType = sourcecode.c.objc; path = SVIndefiniteAnimatedView.m; sourceTree = "<group>"; };
		E75EE1C51FF2619200594A21 /* SVProgressAnimatedView.h */ = {isa = PBXFileReference; fileEncoding = 4; lastKnownFileType = sourcecode.c.h; path = SVProgressAnimatedView.h; sourceTree = "<group>"; };
		E75EE1C61FF2619200594A21 /* SVProgressAnimatedView.m */ = {isa = PBXFileReference; fileEncoding = 4; lastKnownFileType = sourcecode.c.objc; path = SVProgressAnimatedView.m; sourceTree = "<group>"; };
		E75EE1C71FF2619200594A21 /* SVProgressHUD-Prefix.pch */ = {isa = PBXFileReference; fileEncoding = 4; lastKnownFileType = sourcecode.c.h; path = "SVProgressHUD-Prefix.pch"; sourceTree = "<group>"; };
		E75EE1C81FF2619200594A21 /* SVProgressHUD.bundle */ = {isa = PBXFileReference; lastKnownFileType = "wrapper.plug-in"; path = SVProgressHUD.bundle; sourceTree = "<group>"; };
		E75EE1C91FF2619200594A21 /* SVProgressHUD.h */ = {isa = PBXFileReference; fileEncoding = 4; lastKnownFileType = sourcecode.c.h; path = SVProgressHUD.h; sourceTree = "<group>"; };
		E75EE1CA1FF2619200594A21 /* SVProgressHUD.m */ = {isa = PBXFileReference; fileEncoding = 4; lastKnownFileType = sourcecode.c.objc; path = SVProgressHUD.m; sourceTree = "<group>"; };
		E75EE1CB1FF2619200594A21 /* SVRadialGradientLayer.h */ = {isa = PBXFileReference; fileEncoding = 4; lastKnownFileType = sourcecode.c.h; path = SVRadialGradientLayer.h; sourceTree = "<group>"; };
		E75EE1CC1FF2619200594A21 /* SVRadialGradientLayer.m */ = {isa = PBXFileReference; fileEncoding = 4; lastKnownFileType = sourcecode.c.objc; path = SVRadialGradientLayer.m; sourceTree = "<group>"; };
		E75EE1D21FF27A8A00594A21 /* ConnectionCheck.swift */ = {isa = PBXFileReference; lastKnownFileType = sourcecode.swift; path = ConnectionCheck.swift; sourceTree = "<group>"; };
		E75EE1D41FF2865700594A21 /* WeatherDetailViewController.swift */ = {isa = PBXFileReference; lastKnownFileType = sourcecode.swift; path = WeatherDetailViewController.swift; sourceTree = "<group>"; };
		E78DF4DE1FED13E200F39E22 /* Weather.app */ = {isa = PBXFileReference; explicitFileType = wrapper.application; includeInIndex = 0; path = Weather.app; sourceTree = BUILT_PRODUCTS_DIR; };
		E78DF4E11FED13E200F39E22 /* AppDelegate.swift */ = {isa = PBXFileReference; lastKnownFileType = sourcecode.swift; path = AppDelegate.swift; sourceTree = "<group>"; };
		E78DF4E61FED13E200F39E22 /* Base */ = {isa = PBXFileReference; lastKnownFileType = file.storyboard; name = Base; path = Base.lproj/Main.storyboard; sourceTree = "<group>"; };
		E78DF4E81FED13E200F39E22 /* Assets.xcassets */ = {isa = PBXFileReference; lastKnownFileType = folder.assetcatalog; path = Assets.xcassets; sourceTree = "<group>"; };
		E78DF4EB1FED13E200F39E22 /* Base */ = {isa = PBXFileReference; lastKnownFileType = file.storyboard; name = Base; path = Base.lproj/LaunchScreen.storyboard; sourceTree = "<group>"; };
		E78DF4ED1FED13E200F39E22 /* Info.plist */ = {isa = PBXFileReference; lastKnownFileType = text.plist.xml; path = Info.plist; sourceTree = "<group>"; };
		E78DF4F21FED13E200F39E22 /* WeatherTests.xctest */ = {isa = PBXFileReference; explicitFileType = wrapper.cfbundle; includeInIndex = 0; path = WeatherTests.xctest; sourceTree = BUILT_PRODUCTS_DIR; };
		E78DF4F61FED13E200F39E22 /* WeatherTests.swift */ = {isa = PBXFileReference; lastKnownFileType = sourcecode.swift; path = WeatherTests.swift; sourceTree = "<group>"; };
		E78DF4F81FED13E200F39E22 /* Info.plist */ = {isa = PBXFileReference; lastKnownFileType = text.plist.xml; path = Info.plist; sourceTree = "<group>"; };
		E78DF5011FED163600F39E22 /* WeatherTableViewController.swift */ = {isa = PBXFileReference; lastKnownFileType = sourcecode.swift; path = WeatherTableViewController.swift; sourceTree = "<group>"; };
		E78DF5041FED1FB000F39E22 /* WeatherTableViewCell.swift */ = {isa = PBXFileReference; lastKnownFileType = sourcecode.swift; path = WeatherTableViewCell.swift; sourceTree = "<group>"; };
/* End PBXFileReference section */

/* Begin PBXFrameworksBuildPhase section */
		E78DF4DB1FED13E200F39E22 /* Frameworks */ = {
			isa = PBXFrameworksBuildPhase;
			buildActionMask = 2147483647;
			files = (
			);
			runOnlyForDeploymentPostprocessing = 0;
		};
		E78DF4EF1FED13E200F39E22 /* Frameworks */ = {
			isa = PBXFrameworksBuildPhase;
			buildActionMask = 2147483647;
			files = (
			);
			runOnlyForDeploymentPostprocessing = 0;
		};
/* End PBXFrameworksBuildPhase section */

/* Begin PBXGroup section */
		E75EE1C21FF2619200594A21 /* SVProgressview */ = {
			isa = PBXGroup;
			children = (
				E75EE1C31FF2619200594A21 /* SVIndefiniteAnimatedView.h */,
				E75EE1C41FF2619200594A21 /* SVIndefiniteAnimatedView.m */,
				E75EE1C51FF2619200594A21 /* SVProgressAnimatedView.h */,
				E75EE1C61FF2619200594A21 /* SVProgressAnimatedView.m */,
				E75EE1C71FF2619200594A21 /* SVProgressHUD-Prefix.pch */,
				E75EE1C81FF2619200594A21 /* SVProgressHUD.bundle */,
				E75EE1C91FF2619200594A21 /* SVProgressHUD.h */,
				E75EE1CA1FF2619200594A21 /* SVProgressHUD.m */,
				E75EE1CB1FF2619200594A21 /* SVRadialGradientLayer.h */,
				E75EE1CC1FF2619200594A21 /* SVRadialGradientLayer.m */,
			);
			path = SVProgressview;
			sourceTree = "<group>";
		};
		E78DF4D51FED13E200F39E22 = {
			isa = PBXGroup;
			children = (
				E78DF4E01FED13E200F39E22 /* Weather */,
				E78DF4F51FED13E200F39E22 /* WeatherTests */,
				E78DF4DF1FED13E200F39E22 /* Products */,
			);
			sourceTree = "<group>";
		};
		E78DF4DF1FED13E200F39E22 /* Products */ = {
			isa = PBXGroup;
			children = (
				E78DF4DE1FED13E200F39E22 /* Weather.app */,
				E78DF4F21FED13E200F39E22 /* WeatherTests.xctest */,
			);
			name = Products;
			sourceTree = "<group>";
		};
		E78DF4E01FED13E200F39E22 /* Weather */ = {
			isa = PBXGroup;
			children = (
				E75EE1C21FF2619200594A21 /* SVProgressview */,
				E78DF5031FED1F8800F39E22 /* Cells */,
				E78DF4E11FED13E200F39E22 /* AppDelegate.swift */,
				E75EE1D21FF27A8A00594A21 /* ConnectionCheck.swift */,
				E75EE1D41FF2865700594A21 /* WeatherDetailViewController.swift */,
				E78DF5011FED163600F39E22 /* WeatherTableViewController.swift */,
				E78DF4E51FED13E200F39E22 /* Main.storyboard */,
				E78DF4E81FED13E200F39E22 /* Assets.xcassets */,
				E78DF4EA1FED13E200F39E22 /* LaunchScreen.storyboard */,
				E78DF4ED1FED13E200F39E22 /* Info.plist */,
				E75EE1BE1FF247F100594A21 /* Weather-Bridging-Header.h */,
			);
			path = Weather;
			sourceTree = "<group>";
		};
		E78DF4F51FED13E200F39E22 /* WeatherTests */ = {
			isa = PBXGroup;
			children = (
				E78DF4F61FED13E200F39E22 /* WeatherTests.swift */,
				E78DF4F81FED13E200F39E22 /* Info.plist */,
			);
			path = WeatherTests;
			sourceTree = "<group>";
		};
		E78DF5031FED1F8800F39E22 /* Cells */ = {
			isa = PBXGroup;
			children = (
				E78DF5041FED1FB000F39E22 /* WeatherTableViewCell.swift */,
			);
			path = Cells;
			sourceTree = "<group>";
		};
/* End PBXGroup section */

/* Begin PBXNativeTarget section */
		E78DF4DD1FED13E200F39E22 /* Weather */ = {
			isa = PBXNativeTarget;
			buildConfigurationList = E78DF4FB1FED13E200F39E22 /* Build configuration list for PBXNativeTarget "Weather" */;
			buildPhases = (
				E78DF4DA1FED13E200F39E22 /* Sources */,
				E78DF4DB1FED13E200F39E22 /* Frameworks */,
				E78DF4DC1FED13E200F39E22 /* Resources */,
			);
			buildRules = (
			);
			dependencies = (
			);
			name = Weather;
			productName = Weather;
			productReference = E78DF4DE1FED13E200F39E22 /* Weather.app */;
			productType = "com.apple.product-type.application";
		};
		E78DF4F11FED13E200F39E22 /* WeatherTests */ = {
			isa = PBXNativeTarget;
			buildConfigurationList = E78DF4FE1FED13E300F39E22 /* Build configuration list for PBXNativeTarget "WeatherTests" */;
			buildPhases = (
				E78DF4EE1FED13E200F39E22 /* Sources */,
				E78DF4EF1FED13E200F39E22 /* Frameworks */,
				E78DF4F01FED13E200F39E22 /* Resources */,
			);
			buildRules = (
			);
			dependencies = (
				E78DF4F41FED13E200F39E22 /* PBXTargetDependency */,
			);
			name = WeatherTests;
			productName = WeatherTests;
			productReference = E78DF4F21FED13E200F39E22 /* WeatherTests.xctest */;
			productType = "com.apple.product-type.bundle.unit-test";
		};
/* End PBXNativeTarget section */

/* Begin PBXProject section */
		E78DF4D61FED13E200F39E22 /* Project object */ = {
			isa = PBXProject;
			attributes = {
				LastSwiftUpdateCheck = 0910;
				LastUpgradeCheck = 0910;
				TargetAttributes = {
					E78DF4DD1FED13E200F39E22 = {
						CreatedOnToolsVersion = 9.1;
						LastSwiftMigration = 0910;
						ProvisioningStyle = Automatic;
					};
					E78DF4F11FED13E200F39E22 = {
						CreatedOnToolsVersion = 9.1;
						ProvisioningStyle = Automatic;
						TestTargetID = E78DF4DD1FED13E200F39E22;
					};
				};
			};
			buildConfigurationList = E78DF4D91FED13E200F39E22 /* Build configuration list for PBXProject "Weather" */;
			compatibilityVersion = "Xcode 8.0";
			developmentRegion = en;
			hasScannedForEncodings = 0;
			knownRegions = (
				en,
				Base,
			);
			mainGroup = E78DF4D51FED13E200F39E22;
			productRefGroup = E78DF4DF1FED13E200F39E22 /* Products */;
			projectDirPath = "";
			projectRoot = "";
			targets = (
				E78DF4DD1FED13E200F39E22 /* Weather */,
				E78DF4F11FED13E200F39E22 /* WeatherTests */,
			);
		};
/* End PBXProject section */

/* Begin PBXResourcesBuildPhase section */
		E78DF4DC1FED13E200F39E22 /* Resources */ = {
			isa = PBXResourcesBuildPhase;
			buildActionMask = 2147483647;
			files = (
				E78DF4EC1FED13E200F39E22 /* LaunchScreen.storyboard in Resources */,
				E78DF4E91FED13E200F39E22 /* Assets.xcassets in Resources */,
				E78DF4E71FED13E200F39E22 /* Main.storyboard in Resources */,
				E75EE1CF1FF2619300594A21 /* SVProgressHUD.bundle in Resources */,
			);
			runOnlyForDeploymentPostprocessing = 0;
		};
		E78DF4F01FED13E200F39E22 /* Resources */ = {
			isa = PBXResourcesBuildPhase;
			buildActionMask = 2147483647;
			files = (
			);
			runOnlyForDeploymentPostprocessing = 0;
		};
/* End PBXResourcesBuildPhase section */

/* Begin PBXSourcesBuildPhase section */
		E78DF4DA1FED13E200F39E22 /* Sources */ = {
			isa = PBXSourcesBuildPhase;
			buildActionMask = 2147483647;
			files = (
				E78DF5051FED1FB000F39E22 /* WeatherTableViewCell.swift in Sources */,
				E75EE1D11FF2619300594A21 /* SVRadialGradientLayer.m in Sources */,
				E75EE1D01FF2619300594A21 /* SVProgressHUD.m in Sources */,
				E75EE1CE1FF2619300594A21 /* SVProgressAnimatedView.m in Sources */,
				E78DF5021FED163600F39E22 /* WeatherTableViewController.swift in Sources */,
				E75EE1D31FF27A8A00594A21 /* ConnectionCheck.swift in Sources */,
				E78DF4E21FED13E200F39E22 /* AppDelegate.swift in Sources */,
				E75EE1D51FF2865700594A21 /* WeatherDetailViewController.swift in Sources */,
				E75EE1CD1FF2619300594A21 /* SVIndefiniteAnimatedView.m in Sources */,
			);
			runOnlyForDeploymentPostprocessing = 0;
		};
		E78DF4EE1FED13E200F39E22 /* Sources */ = {
			isa = PBXSourcesBuildPhase;
			buildActionMask = 2147483647;
			files = (
				E78DF4F71FED13E200F39E22 /* WeatherTests.swift in Sources */,
			);
			runOnlyForDeploymentPostprocessing = 0;
		};
/* End PBXSourcesBuildPhase section */

/* Begin PBXTargetDependency section */
		E78DF4F41FED13E200F39E22 /* PBXTargetDependency */ = {
			isa = PBXTargetDependency;
			target = E78DF4DD1FED13E200F39E22 /* Weather */;
			targetProxy = E78DF4F31FED13E200F39E22 /* PBXContainerItemProxy */;
		};
/* End PBXTargetDependency section */

/* Begin PBXVariantGroup section */
		E78DF4E51FED13E200F39E22 /* Main.storyboard */ = {
			isa = PBXVariantGroup;
			children = (
				E78DF4E61FED13E200F39E22 /* Base */,
			);
			name = Main.storyboard;
			sourceTree = "<group>";
		};
		E78DF4EA1FED13E200F39E22 /* LaunchScreen.storyboard */ = {
			isa = PBXVariantGroup;
			children = (
				E78DF4EB1FED13E200F39E22 /* Base */,
			);
			name = LaunchScreen.storyboard;
			sourceTree = "<group>";
		};
/* End PBXVariantGroup section */

/* Begin XCBuildConfiguration section */
		E78DF4F91FED13E200F39E22 /* Debug */ = {
			isa = XCBuildConfiguration;
			buildSettings = {
				ALWAYS_SEARCH_USER_PATHS = NO;
				CLANG_ANALYZER_NONNULL = YES;
				CLANG_ANALYZER_NUMBER_OBJECT_CONVERSION = YES_AGGRESSIVE;
				CLANG_CXX_LANGUAGE_STANDARD = "gnu++14";
				CLANG_CXX_LIBRARY = "libc++";
				CLANG_ENABLE_MODULES = YES;
				CLANG_ENABLE_OBJC_ARC = YES;
				CLANG_WARN_BLOCK_CAPTURE_AUTORELEASING = YES;
				CLANG_WARN_BOOL_CONVERSION = YES;
				CLANG_WARN_COMMA = YES;
				CLANG_WARN_CONSTANT_CONVERSION = YES;
				CLANG_WARN_DIRECT_OBJC_ISA_USAGE = YES_ERROR;
				CLANG_WARN_DOCUMENTATION_COMMENTS = YES;
				CLANG_WARN_EMPTY_BODY = YES;
				CLANG_WARN_ENUM_CONVERSION = YES;
				CLANG_WARN_INFINITE_RECURSION = YES;
				CLANG_WARN_INT_CONVERSION = YES;
				CLANG_WARN_NON_LITERAL_NULL_CONVERSION = YES;
				CLANG_WARN_OBJC_LITERAL_CONVERSION = YES;
				CLANG_WARN_OBJC_ROOT_CLASS = YES_ERROR;
				CLANG_WARN_RANGE_LOOP_ANALYSIS = YES;
				CLANG_WARN_STRICT_PROTOTYPES = YES;
				CLANG_WARN_SUSPICIOUS_MOVE = YES;
				CLANG_WARN_UNGUARDED_AVAILABILITY = YES_AGGRESSIVE;
				CLANG_WARN_UNREACHABLE_CODE = YES;
				CLANG_WARN__DUPLICATE_METHOD_MATCH = YES;
				CODE_SIGN_IDENTITY = "iPhone Developer";
				COPY_PHASE_STRIP = NO;
				DEBUG_INFORMATION_FORMAT = dwarf;
				ENABLE_STRICT_OBJC_MSGSEND = YES;
				ENABLE_TESTABILITY = YES;
				GCC_C_LANGUAGE_STANDARD = gnu11;
				GCC_DYNAMIC_NO_PIC = NO;
				GCC_NO_COMMON_BLOCKS = YES;
				GCC_OPTIMIZATION_LEVEL = 0;
				GCC_PREPROCESSOR_DEFINITIONS = (
					"DEBUG=1",
					"$(inherited)",
				);
				GCC_WARN_64_TO_32_BIT_CONVERSION = YES;
				GCC_WARN_ABOUT_RETURN_TYPE = YES_ERROR;
				GCC_WARN_UNDECLARED_SELECTOR = YES;
				GCC_WARN_UNINITIALIZED_AUTOS = YES_AGGRESSIVE;
				GCC_WARN_UNUSED_FUNCTION = YES;
				GCC_WARN_UNUSED_VARIABLE = YES;
				IPHONEOS_DEPLOYMENT_TARGET = 11.1;
				MTL_ENABLE_DEBUG_INFO = YES;
				ONLY_ACTIVE_ARCH = YES;
				SDKROOT = iphoneos;
				SWIFT_ACTIVE_COMPILATION_CONDITIONS = DEBUG;
				SWIFT_OPTIMIZATION_LEVEL = "-Onone";
			};
			name = Debug;
		};
		E78DF4FA1FED13E200F39E22 /* Release */ = {
			isa = XCBuildConfiguration;
			buildSettings = {
				ALWAYS_SEARCH_USER_PATHS = NO;
				CLANG_ANALYZER_NONNULL = YES;
				CLANG_ANALYZER_NUMBER_OBJECT_CONVERSION = YES_AGGRESSIVE;
				CLANG_CXX_LANGUAGE_STANDARD = "gnu++14";
				CLANG_CXX_LIBRARY = "libc++";
				CLANG_ENABLE_MODULES = YES;
				CLANG_ENABLE_OBJC_ARC = YES;
				CLANG_WARN_BLOCK_CAPTURE_AUTORELEASING = YES;
				CLANG_WARN_BOOL_CONVERSION = YES;
				CLANG_WARN_COMMA = YES;
				CLANG_WARN_CONSTANT_CONVERSION = YES;
				CLANG_WARN_DIRECT_OBJC_ISA_USAGE = YES_ERROR;
				CLANG_WARN_DOCUMENTATION_COMMENTS = YES;
				CLANG_WARN_EMPTY_BODY = YES;
				CLANG_WARN_ENUM_CONVERSION = YES;
				CLANG_WARN_INFINITE_RECURSION = YES;
				CLANG_WARN_INT_CONVERSION = YES;
				CLANG_WARN_NON_LITERAL_NULL_CONVERSION = YES;
				CLANG_WARN_OBJC_LITERAL_CONVERSION = YES;
				CLANG_WARN_OBJC_ROOT_CLASS = YES_ERROR;
				CLANG_WARN_RANGE_LOOP_ANALYSIS = YES;
				CLANG_WARN_STRICT_PROTOTYPES = YES;
				CLANG_WARN_SUSPICIOUS_MOVE = YES;
				CLANG_WARN_UNGUARDED_AVAILABILITY = YES_AGGRESSIVE;
				CLANG_WARN_UNREACHABLE_CODE = YES;
				CLANG_WARN__DUPLICATE_METHOD_MATCH = YES;
				CODE_SIGN_IDENTITY = "iPhone Developer";
				COPY_PHASE_STRIP = NO;
				DEBUG_INFORMATION_FORMAT = "dwarf-with-dsym";
				ENABLE_NS_ASSERTIONS = NO;
				ENABLE_STRICT_OBJC_MSGSEND = YES;
				GCC_C_LANGUAGE_STANDARD = gnu11;
				GCC_NO_COMMON_BLOCKS = YES;
				GCC_WARN_64_TO_32_BIT_CONVERSION = YES;
				GCC_WARN_ABOUT_RETURN_TYPE = YES_ERROR;
				GCC_WARN_UNDECLARED_SELECTOR = YES;
				GCC_WARN_UNINITIALIZED_AUTOS = YES_AGGRESSIVE;
				GCC_WARN_UNUSED_FUNCTION = YES;
				GCC_WARN_UNUSED_VARIABLE = YES;
				IPHONEOS_DEPLOYMENT_TARGET = 11.1;
				MTL_ENABLE_DEBUG_INFO = NO;
				SDKROOT = iphoneos;
				SWIFT_OPTIMIZATION_LEVEL = "-Owholemodule";
				VALIDATE_PRODUCT = YES;
			};
			name = Release;
		};
		E78DF4FC1FED13E200F39E22 /* Debug */ = {
			isa = XCBuildConfiguration;
			buildSettings = {
				ASSETCATALOG_COMPILER_APPICON_NAME = AppIcon;
				CLANG_ENABLE_MODULES = YES;
				CODE_SIGN_STYLE = Automatic;
				DEVELOPMENT_TEAM = 3CV9WWE69V;
				INFOPLIST_FILE = Weather/Info.plist;
				IPHONEOS_DEPLOYMENT_TARGET = 10.1;
				LD_RUNPATH_SEARCH_PATHS = "$(inherited) @executable_path/Frameworks";
				PRODUCT_BUNDLE_IDENTIFIER = com.sample.Weather;
				PRODUCT_NAME = "$(TARGET_NAME)";
				SWIFT_OBJC_BRIDGING_HEADER = "Weather/Weather-Bridging-Header.h";
				SWIFT_OPTIMIZATION_LEVEL = "-Onone";
				SWIFT_VERSION = 4.0;
				TARGETED_DEVICE_FAMILY = "1,2";
			};
			name = Debug;
		};
		E78DF4FD1FED13E200F39E22 /* Release */ = {
			isa = XCBuildConfiguration;
			buildSettings = {
				ASSETCATALOG_COMPILER_APPICON_NAME = AppIcon;
				CLANG_ENABLE_MODULES = YES;
				CODE_SIGN_STYLE = Automatic;
				DEVELOPMENT_TEAM = 3CV9WWE69V;
				INFOPLIST_FILE = Weather/Info.plist;
				IPHONEOS_DEPLOYMENT_TARGET = 10.1;
				LD_RUNPATH_SEARCH_PATHS = "$(inherited) @executable_path/Frameworks";
				PRODUCT_BUNDLE_IDENTIFIER = com.sample.Weather;
				PRODUCT_NAME = "$(TARGET_NAME)";
				SWIFT_OBJC_BRIDGING_HEADER = "Weather/Weather-Bridging-Header.h";
				SWIFT_VERSION = 4.0;
				TARGETED_DEVICE_FAMILY = "1,2";
			};
			name = Release;
		};
		E78DF4FF1FED13E300F39E22 /* Debug */ = {
			isa = XCBuildConfiguration;
			buildSettings = {
				ALWAYS_EMBED_SWIFT_STANDARD_LIBRARIES = YES;
				BUNDLE_LOADER = "$(TEST_HOST)";
				CODE_SIGN_STYLE = Automatic;
				INFOPLIST_FILE = WeatherTests/Info.plist;
				LD_RUNPATH_SEARCH_PATHS = "$(inherited) @executable_path/Frameworks @loader_path/Frameworks";
				PRODUCT_BUNDLE_IDENTIFIER = com.sample.WeatherTests;
				PRODUCT_NAME = "$(TARGET_NAME)";
				SWIFT_VERSION = 4.0;
				TARGETED_DEVICE_FAMILY = "1,2";
				TEST_HOST = "$(BUILT_PRODUCTS_DIR)/Weather.app/Weather";
			};
			name = Debug;
		};
		E78DF5001FED13E300F39E22 /* Release */ = {
			isa = XCBuildConfiguration;
			buildSettings = {
				ALWAYS_EMBED_SWIFT_STANDARD_LIBRARIES = YES;
				BUNDLE_LOADER = "$(TEST_HOST)";
				CODE_SIGN_STYLE = Automatic;
				INFOPLIST_FILE = WeatherTests/Info.plist;
				LD_RUNPATH_SEARCH_PATHS = "$(inherited) @executable_path/Frameworks @loader_path/Frameworks";
				PRODUCT_BUNDLE_IDENTIFIER = com.sample.WeatherTests;
				PRODUCT_NAME = "$(TARGET_NAME)";
				SWIFT_VERSION = 4.0;
				TARGETED_DEVICE_FAMILY = "1,2";
				TEST_HOST = "$(BUILT_PRODUCTS_DIR)/Weather.app/Weather";
			};
			name = Release;
		};
/* End XCBuildConfiguration section */

/* Begin XCConfigurationList section */
		E78DF4D91FED13E200F39E22 /* Build configuration list for PBXProject "Weather" */ = {
			isa = XCConfigurationList;
			buildConfigurations = (
				E78DF4F91FED13E200F39E22 /* Debug */,
				E78DF4FA1FED13E200F39E22 /* Release */,
			);
			defaultConfigurationIsVisible = 0;
			defaultConfigurationName = Release;
		};
		E78DF4FB1FED13E200F39E22 /* Build configuration list for PBXNativeTarget "Weather" */ = {
			isa = XCConfigurationList;
			buildConfigurations = (
				E78DF4FC1FED13E200F39E22 /* Debug */,
				E78DF4FD1FED13E200F39E22 /* Release */,
			);
			defaultConfigurationIsVisible = 0;
			defaultConfigurationName = Release;
		};
		E78DF4FE1FED13E300F39E22 /* Build configuration list for PBXNativeTarget "WeatherTests" */ = {
			isa = XCConfigurationList;
			buildConfigurations = (
				E78DF4FF1FED13E300F39E22 /* Debug */,
				E78DF5001FED13E300F39E22 /* Release */,
			);
			defaultConfigurationIsVisible = 0;
			defaultConfigurationName = Release;
		};
/* End XCConfigurationList section */
	};
	rootObject = E78DF4D61FED13E200F39E22 /* Project object */;
}
